
Microsoft Visual Studio Solution File, Format Version 12.00
# Visual Studio Version 17
VisualStudioVersion = 17.13.35828.75 d17.13
MinimumVisualStudioVersion = 10.0.40219.1
Project("{FAE04EC0-301F-11D3-BF4B-00C04F79EFBC}") = "06-LB Hrozdiev", "06-LB Hrozdiev.csproj", "{45482F18-E0D0-413F-98E7-2F9B1E490CDC}"
EndProject
Global
	GlobalSection(SolutionConfigurationPlatforms) = preSolution
		Debug|Any CPU = Debug|Any CPU
		Release|Any CPU = Release|Any CPU
	EndGlobalSection
	GlobalSection(ProjectConfigurationPlatforms) = postSolution
		{45482F18-E0D0-413F-98E7-2F9B1E490CDC}.Debug|Any CPU.ActiveCfg = Debug|Any CPU
		{45482F18-E0D0-413F-98E7-2F9B1E490CDC}.Debug|Any CPU.Build.0 = Debug|Any CPU
		{45482F18-E0D0-413F-98E7-2F9B1E490CDC}.Release|Any CPU.ActiveCfg = Release|Any CPU
		{45482F18-E0D0-413F-98E7-2F9B1E490CDC}.Release|Any CPU.Build.0 = Release|Any CPU
	EndGlobalSection
	GlobalSection(SolutionProperties) = preSolution
		HideSolutionNode = FALSE
	EndGlobalSection
	GlobalSection(ExtensibilityGlobals) = postSolution
		SolutionGuid = {059B98B0-6EDD-4F6D-B910-ABE3835C9A08}
	EndGlobalSection
EndGlobal
