
Microsoft Visual Studio Solution File, Format Version 12.00
# Visual Studio Version 17
VisualStudioVersion = 17.13.35828.75
MinimumVisualStudioVersion = 10.0.40219.1
Project("{FAE04EC0-301F-11D3-BF4B-00C04F79EFBC}") = "LB Hrozdiev", "LB Hrozdiev.csproj", "{ED71F35A-A1D7-42B7-8C76-50D768C726C8}"
EndProject
Global
	GlobalSection(SolutionConfigurationPlatforms) = preSolution
		Debug|Any CPU = Debug|Any CPU
		Release|Any CPU = Release|Any CPU
	EndGlobalSection
	GlobalSection(ProjectConfigurationPlatforms) = postSolution
		{ED71F35A-A1D7-42B7-8C76-50D768C726C8}.Debug|Any CPU.ActiveCfg = Debug|Any CPU
		{ED71F35A-A1D7-42B7-8C76-50D768C726C8}.Debug|Any CPU.Build.0 = Debug|Any CPU
		{ED71F35A-A1D7-42B7-8C76-50D768C726C8}.Release|Any CPU.ActiveCfg = Release|Any CPU
		{ED71F35A-A1D7-42B7-8C76-50D768C726C8}.Release|Any CPU.Build.0 = Release|Any CPU
	EndGlobalSection
	GlobalSection(SolutionProperties) = preSolution
		HideSolutionNode = FALSE
	EndGlobalSection
	GlobalSection(ExtensibilityGlobals) = postSolution
		SolutionGuid = {4FA05618-8B6D-4D1A-BF26-284C421488BF}
	EndGlobalSection
EndGlobal
