
Microsoft Visual Studio Solution File, Format Version 12.00
# Visual Studio Version 17
VisualStudioVersion = 17.13.35828.75 d17.13
MinimumVisualStudioVersion = 10.0.40219.1
Project("{FAE04EC0-301F-11D3-BF4B-00C04F79EFBC}") = "05-LB Hrozdiev", "05-LB Hrozdiev.csproj", "{A0E8A8CC-C50D-46E8-A0DE-2E3DEE0F18BC}"
EndProject
Global
	GlobalSection(SolutionConfigurationPlatforms) = preSolution
		Debug|Any CPU = Debug|Any CPU
		Release|Any CPU = Release|Any CPU
	EndGlobalSection
	GlobalSection(ProjectConfigurationPlatforms) = postSolution
		{A0E8A8CC-C50D-46E8-A0DE-2E3DEE0F18BC}.Debug|Any CPU.ActiveCfg = Debug|Any CPU
		{A0E8A8CC-C50D-46E8-A0DE-2E3DEE0F18BC}.Debug|Any CPU.Build.0 = Debug|Any CPU
		{A0E8A8CC-C50D-46E8-A0DE-2E3DEE0F18BC}.Release|Any CPU.ActiveCfg = Release|Any CPU
		{A0E8A8CC-C50D-46E8-A0DE-2E3DEE0F18BC}.Release|Any CPU.Build.0 = Release|Any CPU
	EndGlobalSection
	GlobalSection(SolutionProperties) = preSolution
		HideSolutionNode = FALSE
	EndGlobalSection
	GlobalSection(ExtensibilityGlobals) = postSolution
		SolutionGuid = {B2F195FF-D3BF-49DF-8253-32379FE15395}
	EndGlobalSection
EndGlobal
