
Microsoft Visual Studio Solution File, Format Version 12.00
# Visual Studio Version 17
VisualStudioVersion = 17.13.35828.75 d17.13
MinimumVisualStudioVersion = 10.0.40219.1
Project("{FAE04EC0-301F-11D3-BF4B-00C04F79EFBC}") = "04-Lb Hrozdiev", "04-Lb Hrozdiev.csproj", "{7354ADD9-E81D-4D4B-A595-33A03BE9C3FC}"
EndProject
Global
	GlobalSection(SolutionConfigurationPlatforms) = preSolution
		Debug|Any CPU = Debug|Any CPU
		Release|Any CPU = Release|Any CPU
	EndGlobalSection
	GlobalSection(ProjectConfigurationPlatforms) = postSolution
		{7354ADD9-E81D-4D4B-A595-33A03BE9C3FC}.Debug|Any CPU.ActiveCfg = Debug|Any CPU
		{7354ADD9-E81D-4D4B-A595-33A03BE9C3FC}.Debug|Any CPU.Build.0 = Debug|Any CPU
		{7354ADD9-E81D-4D4B-A595-33A03BE9C3FC}.Release|Any CPU.ActiveCfg = Release|Any CPU
		{7354ADD9-E81D-4D4B-A595-33A03BE9C3FC}.Release|Any CPU.Build.0 = Release|Any CPU
	EndGlobalSection
	GlobalSection(SolutionProperties) = preSolution
		HideSolutionNode = FALSE
	EndGlobalSection
	GlobalSection(ExtensibilityGlobals) = postSolution
		SolutionGuid = {E0F06E23-B318-4706-A89A-6FFCE416A60F}
	EndGlobalSection
EndGlobal
